{
    "_readme": [
        "This file locks the dependencies of your project to a known state",
        "Read more about it at https://getcomposer.org/doc/01-basic-usage.md#installing-dependencies",
        "This file is @generated automatically"
    ],
    "content-hash": "6d4663f01fb0e1f075b148c90196504a",
    "packages": [
        {
            "name": "robertogallea/laravel-python",
            "version": "0.1.1",
            "source": {
                "type": "git",
                "url": "https://github.com/robertogallea/LaravelPython.git",
                "reference": "292487bb4a35da0e635f83f66441c6c5fddf573e"
            },
            "dist": {
                "type": "zip",
                "url": "https://api.github.com/repos/robertogallea/LaravelPython/zipball/292487bb4a35da0e635f83f66441c6c5fddf573e",
                "reference": "292487bb4a35da0e635f83f66441c6c5fddf573e",
                "shasum": ""
            },
            "require-dev": {
                "orchestra/testbench": "^6.7",
                "phpunit/phpunit": "^9.5"
            },
            "type": "library",
            "extra": {
                "laravel": {
                    "providers": [
                        "robertogallea\\LaravelPython\\ServiceProvider"
                    ],
                    "aliases": {
                        "Python": "robertogallea\\LaravelPython\\Facades\\PythonFacade"
                    }
                }
            },
            "autoload": {
                "psr-4": {
                    "robertogallea\\LaravelPython\\": "src/"
                }
            },
            "notification-url": "https://packagist.org/downloads/",
            "description": "Run python scripts inside Laravel app",
            "support": {
                "issues": "https://github.com/robertogallea/LaravelPython/issues",
                "source": "https://github.com/robertogallea/LaravelPython/tree/0.1.1"
            },
            "time": "2020-12-15T15:30:22+00:00"
        }
    ],
    "packages-dev": [],
    "aliases": [],
    "minimum-stability": "stable",
    "stability-flags": [],
    "prefer-stable": false,
    "prefer-lowest": false,
    "platform": [],
    "platform-dev": [],
    "plugin-api-version": "2.0.0"
}
